Microsoft Visual Studio Solution File, Format Version 12.00
# Visual Studio 2012
Project("{FAE04EC0-301F-11D3-BF4B-00C04F79EFBC}") = "Second Order Dynamics Addon", "Second Order Dynamics Addon.csproj", "{853E8E76-2453-45D9-9633-8DE0AE2F4344}"
EndProject
Global
	GlobalSection(SolutionConfigurationPlatforms) = preSolution
	Debug|Any CPU = Debug|Any CPU
	ExportDebug|Any CPU = ExportDebug|Any CPU
	ExportRelease|Any CPU = ExportRelease|Any CPU
	EndGlobalSection
	GlobalSection(ProjectConfigurationPlatforms) = postSolution
		{853E8E76-2453-45D9-9633-8DE0AE2F4344}.Debug|Any CPU.ActiveCfg = Debug|Any CPU
		{853E8E76-2453-45D9-9633-8DE0AE2F4344}.Debug|Any CPU.Build.0 = Debug|Any CPU
		{853E8E76-2453-45D9-9633-8DE0AE2F4344}.ExportDebug|Any CPU.ActiveCfg = ExportDebug|Any CPU
		{853E8E76-2453-45D9-9633-8DE0AE2F4344}.ExportDebug|Any CPU.Build.0 = ExportDebug|Any CPU
		{853E8E76-2453-45D9-9633-8DE0AE2F4344}.ExportRelease|Any CPU.ActiveCfg = ExportRelease|Any CPU
		{853E8E76-2453-45D9-9633-8DE0AE2F4344}.ExportRelease|Any CPU.Build.0 = ExportRelease|Any CPU
	EndGlobalSection
EndGlobal
